
Microsoft Visual Studio Solution File, Format Version 12.00
# Visual Studio Version 16
VisualStudioVersion = 16.0.33529.622
MinimumVisualStudioVersion = 10.0.40219.1
Project("{9A19103F-16F7-4668-BE54-9A1E7A4F7556}") = "NessusHelperLib", "NessusHelperLib\NessusHelperLib.csproj", "{DD6BFA81-9447-4644-B60D-DBDF094389F2}"
EndProject
Project("{9A19103F-16F7-4668-BE54-9A1E7A4F7556}") = "NessusHelperApp", "NessusHelperApp\NessusHelperApp.csproj", "{5EF65BEE-CEE8-495F-8B2C-727739DC8A79}"
	ProjectSection(ProjectDependencies) = postProject
		{DD6BFA81-9447-4644-B60D-DBDF094389F2} = {DD6BFA81-9447-4644-B60D-DBDF094389F2}
	EndProjectSection
EndProject
Global
	GlobalSection(SolutionConfigurationPlatforms) = preSolution
		Debug|Any CPU = Debug|Any CPU
		Release|Any CPU = Release|Any CPU
	EndGlobalSection
	GlobalSection(ProjectConfigurationPlatforms) = postSolution
		{DD6BFA81-9447-4644-B60D-DBDF094389F2}.Debug|Any CPU.ActiveCfg = Debug|Any CPU
		{DD6BFA81-9447-4644-B60D-DBDF094389F2}.Debug|Any CPU.Build.0 = Debug|Any CPU
		{DD6BFA81-9447-4644-B60D-DBDF094389F2}.Release|Any CPU.ActiveCfg = Release|Any CPU
		{DD6BFA81-9447-4644-B60D-DBDF094389F2}.Release|Any CPU.Build.0 = Release|Any CPU
		{5EF65BEE-CEE8-495F-8B2C-727739DC8A79}.Debug|Any CPU.ActiveCfg = Debug|Any CPU
		{5EF65BEE-CEE8-495F-8B2C-727739DC8A79}.Debug|Any CPU.Build.0 = Debug|Any CPU
		{5EF65BEE-CEE8-495F-8B2C-727739DC8A79}.Release|Any CPU.ActiveCfg = Release|Any CPU
		{5EF65BEE-CEE8-495F-8B2C-727739DC8A79}.Release|Any CPU.Build.0 = Release|Any CPU
	EndGlobalSection
	GlobalSection(SolutionProperties) = preSolution
		HideSolutionNode = FALSE
	EndGlobalSection
	GlobalSection(ExtensibilityGlobals) = postSolution
		SolutionGuid = {42184109-9F2B-4A6C-AB37-22B3D51DD837}
	EndGlobalSection
EndGlobal
